
Microsoft Visual Studio Solution File, Format Version 12.00
# Visual Studio Version 17
VisualStudioVersion = 17.11.35327.3
MinimumVisualStudioVersion = 10.0.40219.1
Project("{9A19103F-16F7-4668-BE54-9A1E7A4F7556}") = "HomeAnalytica.Services.Communication", "HomeAnalytica.Services.Communication\HomeAnalytica.Services.Communication.csproj", "{1F6FD6CA-389A-4FED-837C-CE85CA9ACB2D}"
EndProject
Project("{9A19103F-16F7-4668-BE54-9A1E7A4F7556}") = "HomeAnalytica.Web", "HomeAnalytica.Web\HomeAnalytica.Web.csproj", "{6EEBF1BF-FCC3-4D8F-B6B3-9451432C193D}"
EndProject
Project("{9A19103F-16F7-4668-BE54-9A1E7A4F7556}") = "HomeAnalytica.Services.DataCollection", "HomeAnalytica.Services.DataCollection\HomeAnalytica.Services.DataCollection.csproj", "{A5B4260F-E69C-48CF-B262-3B9AEA750B57}"
EndProject
Project("{9A19103F-16F7-4668-BE54-9A1E7A4F7556}") = "HomeAnalytica.Services.Analytics", "HomeAnalytica.Services.Analytics\HomeAnalytica.Services.Analytics.csproj", "{7E3DE8A8-E045-4A12-9E19-F75CF045EC04}"
EndProject
Project("{9A19103F-16F7-4668-BE54-9A1E7A4F7556}") = "HomeAnalytica.Gateway.Yarp", "HomeAnalytica.Gateway.Yarp\HomeAnalytica.Gateway.Yarp.csproj", "{7CF3D2C6-CCC0-4A40-B96A-F0C5F6AB1B5E}"
EndProject
Project("{2150E333-8FDC-42A3-9474-1A3956D46DE8}") = "Projektmappenelemente", "Projektmappenelemente", "{B2A79D6F-1E6E-42BA-90C5-B324A11AC6D2}"
	ProjectSection(SolutionItems) = preProject
		.editorconfig = .editorconfig
	EndProjectSection
EndProject
Global
	GlobalSection(SolutionConfigurationPlatforms) = preSolution
		Debug|Any CPU = Debug|Any CPU
		Release|Any CPU = Release|Any CPU
	EndGlobalSection
	GlobalSection(ProjectConfigurationPlatforms) = postSolution
		{1F6FD6CA-389A-4FED-837C-CE85CA9ACB2D}.Debug|Any CPU.ActiveCfg = Debug|Any CPU
		{1F6FD6CA-389A-4FED-837C-CE85CA9ACB2D}.Debug|Any CPU.Build.0 = Debug|Any CPU
		{1F6FD6CA-389A-4FED-837C-CE85CA9ACB2D}.Release|Any CPU.ActiveCfg = Release|Any CPU
		{1F6FD6CA-389A-4FED-837C-CE85CA9ACB2D}.Release|Any CPU.Build.0 = Release|Any CPU
		{6EEBF1BF-FCC3-4D8F-B6B3-9451432C193D}.Debug|Any CPU.ActiveCfg = Debug|Any CPU
		{6EEBF1BF-FCC3-4D8F-B6B3-9451432C193D}.Debug|Any CPU.Build.0 = Debug|Any CPU
		{6EEBF1BF-FCC3-4D8F-B6B3-9451432C193D}.Release|Any CPU.ActiveCfg = Release|Any CPU
		{6EEBF1BF-FCC3-4D8F-B6B3-9451432C193D}.Release|Any CPU.Build.0 = Release|Any CPU
		{A5B4260F-E69C-48CF-B262-3B9AEA750B57}.Debug|Any CPU.ActiveCfg = Debug|Any CPU
		{A5B4260F-E69C-48CF-B262-3B9AEA750B57}.Debug|Any CPU.Build.0 = Debug|Any CPU
		{A5B4260F-E69C-48CF-B262-3B9AEA750B57}.Release|Any CPU.ActiveCfg = Release|Any CPU
		{A5B4260F-E69C-48CF-B262-3B9AEA750B57}.Release|Any CPU.Build.0 = Release|Any CPU
		{7E3DE8A8-E045-4A12-9E19-F75CF045EC04}.Debug|Any CPU.ActiveCfg = Debug|Any CPU
		{7E3DE8A8-E045-4A12-9E19-F75CF045EC04}.Debug|Any CPU.Build.0 = Debug|Any CPU
		{7E3DE8A8-E045-4A12-9E19-F75CF045EC04}.Release|Any CPU.ActiveCfg = Release|Any CPU
		{7E3DE8A8-E045-4A12-9E19-F75CF045EC04}.Release|Any CPU.Build.0 = Release|Any CPU
		{7CF3D2C6-CCC0-4A40-B96A-F0C5F6AB1B5E}.Debug|Any CPU.ActiveCfg = Debug|Any CPU
		{7CF3D2C6-CCC0-4A40-B96A-F0C5F6AB1B5E}.Debug|Any CPU.Build.0 = Debug|Any CPU
		{7CF3D2C6-CCC0-4A40-B96A-F0C5F6AB1B5E}.Release|Any CPU.ActiveCfg = Release|Any CPU
		{7CF3D2C6-CCC0-4A40-B96A-F0C5F6AB1B5E}.Release|Any CPU.Build.0 = Release|Any CPU
	EndGlobalSection
	GlobalSection(SolutionProperties) = preSolution
		HideSolutionNode = FALSE
	EndGlobalSection
	GlobalSection(ExtensibilityGlobals) = postSolution
		SolutionGuid = {11456FFA-E22F-4CF8-9DDF-9E62727ED49B}
	EndGlobalSection
EndGlobal
