
Microsoft Visual Studio Solution File, Format Version 12.00
# Visual Studio Version 17
VisualStudioVersion = 17.11.35327.3
MinimumVisualStudioVersion = 10.0.40219.1
Project("{9A19103F-16F7-4668-BE54-9A1E7A4F7556}") = "HomeAnalytica.Web", "HomeAnalytica.Web\HomeAnalytica.Web.csproj", "{6EEBF1BF-FCC3-4D8F-B6B3-9451432C193D}"
EndProject
Project("{9A19103F-16F7-4668-BE54-9A1E7A4F7556}") = "HomeAnalytica.Gateway.Yarp", "HomeAnalytica.Gateway.Yarp\HomeAnalytica.Gateway.Yarp.csproj", "{7CF3D2C6-CCC0-4A40-B96A-F0C5F6AB1B5E}"
EndProject
Project("{2150E333-8FDC-42A3-9474-1A3956D46DE8}") = "Projektmappenelemente", "Projektmappenelemente", "{B2A79D6F-1E6E-42BA-90C5-B324A11AC6D2}"
	ProjectSection(SolutionItems) = preProject
		.editorconfig = .editorconfig
	EndProjectSection
EndProject
Project("{9A19103F-16F7-4668-BE54-9A1E7A4F7556}") = "HomeAnalytica.DataCollection.Data", "HomeAnalytica.DataCollection.Data\HomeAnalytica.DataCollection.Data.csproj", "{78929316-9F9F-4D68-B8B8-8F2040C07BD3}"
EndProject
Project("{E53339B2-1760-4266-BCC7-CA923CBCF16C}") = "docker-compose", "docker-compose.dcproj", "{364B4F15-28EF-475F-97D0-46F660278F21}"
EndProject
Project("{9A19103F-16F7-4668-BE54-9A1E7A4F7556}") = "HomeAnalytica.Analytics", "HomeAnalytica.Analytics\HomeAnalytica.Analytics.csproj", "{ABF96DA2-8DAE-49D7-A3FC-7099A6D2E3B1}"
EndProject
Project("{9A19103F-16F7-4668-BE54-9A1E7A4F7556}") = "HomeAnalytica.DataCollection", "HomeAnalytica.DataCollection\HomeAnalytica.DataCollection.csproj", "{53118147-498A-4E74-83E1-415A5C7BFEA3}"
EndProject
Project("{9A19103F-16F7-4668-BE54-9A1E7A4F7556}") = "HomeAnalytica.Grpc.Contracts", "HomeAnalytica.Grpc.Contracts\HomeAnalytica.Grpc.Contracts.csproj", "{62B77C6D-8B1D-4926-B197-61D964EFB1A5}"
EndProject
Project("{FAE04EC0-301F-11D3-BF4B-00C04F79EFBC}") = "HomeAnalytica.Common", "HomeAnalytica.Common\HomeAnalytica.Common.csproj", "{47578145-7EBA-46AA-8778-A82D3505B813}"
EndProject
Global
	GlobalSection(SolutionConfigurationPlatforms) = preSolution
		Debug|Any CPU = Debug|Any CPU
		Release|Any CPU = Release|Any CPU
	EndGlobalSection
	GlobalSection(ProjectConfigurationPlatforms) = postSolution
		{6EEBF1BF-FCC3-4D8F-B6B3-9451432C193D}.Debug|Any CPU.ActiveCfg = Debug|Any CPU
		{6EEBF1BF-FCC3-4D8F-B6B3-9451432C193D}.Debug|Any CPU.Build.0 = Debug|Any CPU
		{6EEBF1BF-FCC3-4D8F-B6B3-9451432C193D}.Release|Any CPU.ActiveCfg = Release|Any CPU
		{6EEBF1BF-FCC3-4D8F-B6B3-9451432C193D}.Release|Any CPU.Build.0 = Release|Any CPU
		{7CF3D2C6-CCC0-4A40-B96A-F0C5F6AB1B5E}.Debug|Any CPU.ActiveCfg = Debug|Any CPU
		{7CF3D2C6-CCC0-4A40-B96A-F0C5F6AB1B5E}.Debug|Any CPU.Build.0 = Debug|Any CPU
		{7CF3D2C6-CCC0-4A40-B96A-F0C5F6AB1B5E}.Release|Any CPU.ActiveCfg = Release|Any CPU
		{7CF3D2C6-CCC0-4A40-B96A-F0C5F6AB1B5E}.Release|Any CPU.Build.0 = Release|Any CPU
		{78929316-9F9F-4D68-B8B8-8F2040C07BD3}.Debug|Any CPU.ActiveCfg = Debug|Any CPU
		{78929316-9F9F-4D68-B8B8-8F2040C07BD3}.Debug|Any CPU.Build.0 = Debug|Any CPU
		{78929316-9F9F-4D68-B8B8-8F2040C07BD3}.Release|Any CPU.ActiveCfg = Release|Any CPU
		{78929316-9F9F-4D68-B8B8-8F2040C07BD3}.Release|Any CPU.Build.0 = Release|Any CPU
		{364B4F15-28EF-475F-97D0-46F660278F21}.Debug|Any CPU.ActiveCfg = Debug|Any CPU
		{364B4F15-28EF-475F-97D0-46F660278F21}.Release|Any CPU.ActiveCfg = Release|Any CPU
		{364B4F15-28EF-475F-97D0-46F660278F21}.Release|Any CPU.Build.0 = Release|Any CPU
		{ABF96DA2-8DAE-49D7-A3FC-7099A6D2E3B1}.Debug|Any CPU.ActiveCfg = Debug|Any CPU
		{ABF96DA2-8DAE-49D7-A3FC-7099A6D2E3B1}.Debug|Any CPU.Build.0 = Debug|Any CPU
		{ABF96DA2-8DAE-49D7-A3FC-7099A6D2E3B1}.Release|Any CPU.ActiveCfg = Release|Any CPU
		{ABF96DA2-8DAE-49D7-A3FC-7099A6D2E3B1}.Release|Any CPU.Build.0 = Release|Any CPU
		{53118147-498A-4E74-83E1-415A5C7BFEA3}.Debug|Any CPU.ActiveCfg = Debug|Any CPU
		{53118147-498A-4E74-83E1-415A5C7BFEA3}.Debug|Any CPU.Build.0 = Debug|Any CPU
		{53118147-498A-4E74-83E1-415A5C7BFEA3}.Release|Any CPU.ActiveCfg = Release|Any CPU
		{53118147-498A-4E74-83E1-415A5C7BFEA3}.Release|Any CPU.Build.0 = Release|Any CPU
		{62B77C6D-8B1D-4926-B197-61D964EFB1A5}.Debug|Any CPU.ActiveCfg = Debug|Any CPU
		{62B77C6D-8B1D-4926-B197-61D964EFB1A5}.Debug|Any CPU.Build.0 = Debug|Any CPU
		{62B77C6D-8B1D-4926-B197-61D964EFB1A5}.Release|Any CPU.ActiveCfg = Release|Any CPU
		{62B77C6D-8B1D-4926-B197-61D964EFB1A5}.Release|Any CPU.Build.0 = Release|Any CPU
		{47578145-7EBA-46AA-8778-A82D3505B813}.Debug|Any CPU.ActiveCfg = Debug|Any CPU
		{47578145-7EBA-46AA-8778-A82D3505B813}.Debug|Any CPU.Build.0 = Debug|Any CPU
		{47578145-7EBA-46AA-8778-A82D3505B813}.Release|Any CPU.ActiveCfg = Release|Any CPU
		{47578145-7EBA-46AA-8778-A82D3505B813}.Release|Any CPU.Build.0 = Release|Any CPU
	EndGlobalSection
	GlobalSection(SolutionProperties) = preSolution
		HideSolutionNode = FALSE
	EndGlobalSection
	GlobalSection(ExtensibilityGlobals) = postSolution
		SolutionGuid = {11456FFA-E22F-4CF8-9DDF-9E62727ED49B}
	EndGlobalSection
EndGlobal
